
Microsoft Visual Studio Solution File, Format Version 12.00
# Visual Studio Version 17
VisualStudioVersion = 17.14.36414.22
MinimumVisualStudioVersion = 10.0.40219.1
Project("{FAE04EC0-301F-11D3-BF4B-00C04F79EFBC}") = "HRMS.Api", "HRMS\HRMS.Api\HRMS.Api.csproj", "{5A1EB7ED-56C2-4532-9FD1-5099F0F85F42}"
EndProject
Project("{FAE04EC0-301F-11D3-BF4B-00C04F79EFBC}") = "HRMS.Application", "HRMS\HRMS.Application\HRMS.Application.csproj", "{549F263B-DB8D-4FF0-B08F-E60B91E65DFE}"
EndProject
Project("{FAE04EC0-301F-11D3-BF4B-00C04F79EFBC}") = "HRMS.Domain", "HRMS\HRMS.Domain\HRMS.Domain.csproj", "{7CFF66BB-0FD1-4BCB-BF16-D14DADCC11F7}"
EndProject
Project("{FAE04EC0-301F-11D3-BF4B-00C04F79EFBC}") = "HRMS.Infrasturcture", "HRMS\HRMS.Infrasturcture\HRMS.Infrasturcture.csproj", "{C8C6E264-DC7C-4DD2-AAAB-1331C83F7A57}"
EndProject
Project("{FAE04EC0-301F-11D3-BF4B-00C04F79EFBC}") = "HRMS.SharedKernel", "HRMS\HRMS.SharedKernel\HRMS.SharedKernel.csproj", "{1C325450-338A-4191-9353-A0298BD0F681}"
EndProject
Project("{FAE04EC0-301F-11D3-BF4B-00C04F79EFBC}") = "HRMS.WebApplication", "HRMS\HRMS.WebApplication\HRMS.WebApplication.csproj", "{0B6FAA3E-DF26-D2BA-A2EF-E21D33B1BAD8}"
EndProject
Global
	GlobalSection(SolutionConfigurationPlatforms) = preSolution
		Debug|Any CPU = Debug|Any CPU
		Release|Any CPU = Release|Any CPU
	EndGlobalSection
	GlobalSection(ProjectConfigurationPlatforms) = postSolution
		{5A1EB7ED-56C2-4532-9FD1-5099F0F85F42}.Debug|Any CPU.ActiveCfg = Debug|Any CPU
		{5A1EB7ED-56C2-4532-9FD1-5099F0F85F42}.Debug|Any CPU.Build.0 = Debug|Any CPU
		{5A1EB7ED-56C2-4532-9FD1-5099F0F85F42}.Release|Any CPU.ActiveCfg = Release|Any CPU
		{5A1EB7ED-56C2-4532-9FD1-5099F0F85F42}.Release|Any CPU.Build.0 = Release|Any CPU
		{549F263B-DB8D-4FF0-B08F-E60B91E65DFE}.Debug|Any CPU.ActiveCfg = Debug|Any CPU
		{549F263B-DB8D-4FF0-B08F-E60B91E65DFE}.Debug|Any CPU.Build.0 = Debug|Any CPU
		{549F263B-DB8D-4FF0-B08F-E60B91E65DFE}.Release|Any CPU.ActiveCfg = Release|Any CPU
		{549F263B-DB8D-4FF0-B08F-E60B91E65DFE}.Release|Any CPU.Build.0 = Release|Any CPU
		{7CFF66BB-0FD1-4BCB-BF16-D14DADCC11F7}.Debug|Any CPU.ActiveCfg = Debug|Any CPU
		{7CFF66BB-0FD1-4BCB-BF16-D14DADCC11F7}.Debug|Any CPU.Build.0 = Debug|Any CPU
		{7CFF66BB-0FD1-4BCB-BF16-D14DADCC11F7}.Release|Any CPU.ActiveCfg = Release|Any CPU
		{7CFF66BB-0FD1-4BCB-BF16-D14DADCC11F7}.Release|Any CPU.Build.0 = Release|Any CPU
		{C8C6E264-DC7C-4DD2-AAAB-1331C83F7A57}.Debug|Any CPU.ActiveCfg = Debug|Any CPU
		{C8C6E264-DC7C-4DD2-AAAB-1331C83F7A57}.Debug|Any CPU.Build.0 = Debug|Any CPU
		{C8C6E264-DC7C-4DD2-AAAB-1331C83F7A57}.Release|Any CPU.ActiveCfg = Release|Any CPU
		{C8C6E264-DC7C-4DD2-AAAB-1331C83F7A57}.Release|Any CPU.Build.0 = Release|Any CPU
		{1C325450-338A-4191-9353-A0298BD0F681}.Debug|Any CPU.ActiveCfg = Debug|Any CPU
		{1C325450-338A-4191-9353-A0298BD0F681}.Debug|Any CPU.Build.0 = Debug|Any CPU
		{1C325450-338A-4191-9353-A0298BD0F681}.Release|Any CPU.ActiveCfg = Release|Any CPU
		{1C325450-338A-4191-9353-A0298BD0F681}.Release|Any CPU.Build.0 = Release|Any CPU
		{0B6FAA3E-DF26-D2BA-A2EF-E21D33B1BAD8}.Debug|Any CPU.ActiveCfg = Debug|Any CPU
		{0B6FAA3E-DF26-D2BA-A2EF-E21D33B1BAD8}.Debug|Any CPU.Build.0 = Debug|Any CPU
		{0B6FAA3E-DF26-D2BA-A2EF-E21D33B1BAD8}.Release|Any CPU.ActiveCfg = Release|Any CPU
		{0B6FAA3E-DF26-D2BA-A2EF-E21D33B1BAD8}.Release|Any CPU.Build.0 = Release|Any CPU
	EndGlobalSection
	GlobalSection(SolutionProperties) = preSolution
		HideSolutionNode = FALSE
	EndGlobalSection
	GlobalSection(ExtensibilityGlobals) = postSolution
		SolutionGuid = {46E82D8C-17DD-446F-83F1-1BD65F63904A}
	EndGlobalSection
EndGlobal
